github.com/PacktPublishing/Network-Automation-with-Go/ch02/ping v0.0.0-20230703043059-d54b0a9f1dc6 h1:cW9TQgW7sc6oO5pBtEo2lPIOK9p6cBqQEJS+YiEMTtA=
github.com/PacktPublishing/Network-Automation-with-Go/ch02/ping v0.0.0-20230703043059-d54b0a9f1dc6/go.mod h1:bwRjyQdnuKDT6d86kITCTP/mQGje7F0NPRBRwY8lux0=
